
Microsoft Visual Studio Solution File, Format Version 12.00
# Visual Studio Version 17
VisualStudioVersion = 17.8.34330.188
MinimumVisualStudioVersion = 10.0.40219.1
Project("{9A19103F-16F7-4668-BE54-9A1E7A4F7556}") = "CharacterSheet.App", "CharacterSheet.App\CharacterSheet.App.csproj", "{06ECDBD5-5CC1-43BF-A467-ECE4D0836A25}"
EndProject
Project("{2150E333-8FDC-42A3-9474-1A3956D46DE8}") = "Solution Items", "Solution Items", "{2F80AD7B-3E96-4223-9FF9-A53656730459}"
	ProjectSection(SolutionItems) = preProject
		..\LICENSE = ..\LICENSE
		..\README.md = ..\README.md
	EndProjectSection
EndProject
Project("{9A19103F-16F7-4668-BE54-9A1E7A4F7556}") = "WoinRules", "WoinRules\WoinRules.csproj", "{F9C3493D-1DCD-4E30-B74E-7ABB9E1DBCE2}"
EndProject
Project("{9A19103F-16F7-4668-BE54-9A1E7A4F7556}") = "WoinRules.Tests", "WoinRules.Tests\WoinRules.Tests.csproj", "{49B7D5B6-F727-496A-BE3E-2056F6875F83}"
EndProject
Project("{9A19103F-16F7-4668-BE54-9A1E7A4F7556}") = "CharacterSheet.Web", "CharacterSheet.Web\CharacterSheet.Web.csproj", "{89CA1FC7-7ED7-4D4F-A020-10B1F8C051BD}"
EndProject
Project("{FAE04EC0-301F-11D3-BF4B-00C04F79EFBC}") = "CharacterSheet.Lib", "CharacterSheet.Lib\CharacterSheet.Lib.csproj", "{309144ED-F34B-4AEB-83C7-B9A1E9FB4570}"
EndProject
Global
	GlobalSection(SolutionConfigurationPlatforms) = preSolution
		Debug|Any CPU = Debug|Any CPU
		Release|Any CPU = Release|Any CPU
	EndGlobalSection
	GlobalSection(ProjectConfigurationPlatforms) = postSolution
		{06ECDBD5-5CC1-43BF-A467-ECE4D0836A25}.Debug|Any CPU.ActiveCfg = Debug|Any CPU
		{06ECDBD5-5CC1-43BF-A467-ECE4D0836A25}.Debug|Any CPU.Build.0 = Debug|Any CPU
		{06ECDBD5-5CC1-43BF-A467-ECE4D0836A25}.Debug|Any CPU.Deploy.0 = Debug|Any CPU
		{06ECDBD5-5CC1-43BF-A467-ECE4D0836A25}.Release|Any CPU.ActiveCfg = Release|Any CPU
		{06ECDBD5-5CC1-43BF-A467-ECE4D0836A25}.Release|Any CPU.Build.0 = Release|Any CPU
		{06ECDBD5-5CC1-43BF-A467-ECE4D0836A25}.Release|Any CPU.Deploy.0 = Release|Any CPU
		{F9C3493D-1DCD-4E30-B74E-7ABB9E1DBCE2}.Debug|Any CPU.ActiveCfg = Debug|Any CPU
		{F9C3493D-1DCD-4E30-B74E-7ABB9E1DBCE2}.Debug|Any CPU.Build.0 = Debug|Any CPU
		{F9C3493D-1DCD-4E30-B74E-7ABB9E1DBCE2}.Release|Any CPU.ActiveCfg = Release|Any CPU
		{F9C3493D-1DCD-4E30-B74E-7ABB9E1DBCE2}.Release|Any CPU.Build.0 = Release|Any CPU
		{49B7D5B6-F727-496A-BE3E-2056F6875F83}.Debug|Any CPU.ActiveCfg = Debug|Any CPU
		{49B7D5B6-F727-496A-BE3E-2056F6875F83}.Debug|Any CPU.Build.0 = Debug|Any CPU
		{49B7D5B6-F727-496A-BE3E-2056F6875F83}.Release|Any CPU.ActiveCfg = Release|Any CPU
		{49B7D5B6-F727-496A-BE3E-2056F6875F83}.Release|Any CPU.Build.0 = Release|Any CPU
		{89CA1FC7-7ED7-4D4F-A020-10B1F8C051BD}.Debug|Any CPU.ActiveCfg = Debug|Any CPU
		{89CA1FC7-7ED7-4D4F-A020-10B1F8C051BD}.Debug|Any CPU.Build.0 = Debug|Any CPU
		{89CA1FC7-7ED7-4D4F-A020-10B1F8C051BD}.Release|Any CPU.ActiveCfg = Release|Any CPU
		{89CA1FC7-7ED7-4D4F-A020-10B1F8C051BD}.Release|Any CPU.Build.0 = Release|Any CPU
		{309144ED-F34B-4AEB-83C7-B9A1E9FB4570}.Debug|Any CPU.ActiveCfg = Debug|Any CPU
		{309144ED-F34B-4AEB-83C7-B9A1E9FB4570}.Debug|Any CPU.Build.0 = Debug|Any CPU
		{309144ED-F34B-4AEB-83C7-B9A1E9FB4570}.Release|Any CPU.ActiveCfg = Release|Any CPU
		{309144ED-F34B-4AEB-83C7-B9A1E9FB4570}.Release|Any CPU.Build.0 = Release|Any CPU
	EndGlobalSection
	GlobalSection(SolutionProperties) = preSolution
		HideSolutionNode = FALSE
	EndGlobalSection
	GlobalSection(ExtensibilityGlobals) = postSolution
		SolutionGuid = {12C00CF5-6EAE-40D2-8A9A-C911D40717C5}
	EndGlobalSection
EndGlobal
